
Microsoft Visual Studio Solution File, Format Version 12.00
# Visual Studio Version 17
VisualStudioVersion = 17.0.31903.59
MinimumVisualStudioVersion = 10.0.40219.1
Project("{2150E333-8FDC-42A3-9474-1A3956D46DE8}") = "src", "src", "{D9369323-439E-4F6C-8F5B-59478CFC974A}"
EndProject
Project("{FAE04EC0-301F-11D3-BF4B-00C04F79EFBC}") = "CloudCustomer.API", "src\CloudCustomer.API\CloudCustomer.API.csproj", "{5D5AE521-24C8-444D-AEC1-E55C582D9D78}"
EndProject
Project("{2150E333-8FDC-42A3-9474-1A3956D46DE8}") = "Tests", "Tests", "{CB7EBFCC-D357-4A00-88B1-2DE752004689}"
EndProject
Project("{FAE04EC0-301F-11D3-BF4B-00C04F79EFBC}") = "CloudCustomer.UnitTests", "src\Tests\CloudCustomer.UnitTests\CloudCustomer.UnitTests.csproj", "{3CD8C4A0-C598-48F6-AE53-403CF1871C79}"
EndProject
Global
	GlobalSection(SolutionConfigurationPlatforms) = preSolution
		Debug|Any CPU = Debug|Any CPU
		Release|Any CPU = Release|Any CPU
	EndGlobalSection
	GlobalSection(SolutionProperties) = preSolution
		HideSolutionNode = FALSE
	EndGlobalSection
	GlobalSection(ProjectConfigurationPlatforms) = postSolution
		{5D5AE521-24C8-444D-AEC1-E55C582D9D78}.Debug|Any CPU.ActiveCfg = Debug|Any CPU
		{5D5AE521-24C8-444D-AEC1-E55C582D9D78}.Debug|Any CPU.Build.0 = Debug|Any CPU
		{5D5AE521-24C8-444D-AEC1-E55C582D9D78}.Release|Any CPU.ActiveCfg = Release|Any CPU
		{5D5AE521-24C8-444D-AEC1-E55C582D9D78}.Release|Any CPU.Build.0 = Release|Any CPU
		{3CD8C4A0-C598-48F6-AE53-403CF1871C79}.Debug|Any CPU.ActiveCfg = Debug|Any CPU
		{3CD8C4A0-C598-48F6-AE53-403CF1871C79}.Debug|Any CPU.Build.0 = Debug|Any CPU
		{3CD8C4A0-C598-48F6-AE53-403CF1871C79}.Release|Any CPU.ActiveCfg = Release|Any CPU
		{3CD8C4A0-C598-48F6-AE53-403CF1871C79}.Release|Any CPU.Build.0 = Release|Any CPU
	EndGlobalSection
	GlobalSection(NestedProjects) = preSolution
		{5D5AE521-24C8-444D-AEC1-E55C582D9D78} = {D9369323-439E-4F6C-8F5B-59478CFC974A}
		{CB7EBFCC-D357-4A00-88B1-2DE752004689} = {D9369323-439E-4F6C-8F5B-59478CFC974A}
		{3CD8C4A0-C598-48F6-AE53-403CF1871C79} = {CB7EBFCC-D357-4A00-88B1-2DE752004689}
	EndGlobalSection
EndGlobal
